// !$*UTF8*$!
{
	archiveVersion = 1;
	classes = {
	};
	objectVersion = 50;
	objects = {

/* Begin PBXBuildFile section */
		0A8F86C921AEBD9F000EFD94 /* AppDelegate.swift in Sources */ = {isa = PBXBuildFile; fileRef = 0A8F86C821AEBD9F000EFD94 /* AppDelegate.swift */; };
		0A8F86CB21AEBD9F000EFD94 /* ViewController.swift in Sources */ = {isa = PBXBuildFile; fileRef = 0A8F86CA21AEBD9F000EFD94 /* ViewController.swift */; };
		0A8F86CE21AEBD9F000EFD94 /* Main.storyboard in Resources */ = {isa = PBXBuildFile; fileRef = 0A8F86CC21AEBD9F000EFD94 /* Main.storyboard */; };
		0A8F86D021AEBDA0000EFD94 /* Assets.xcassets in Resources */ = {isa = PBXBuildFile; fileRef = 0A8F86CF21AEBDA0000EFD94 /* Assets.xcassets */; };
		0A8F86D321AEBDA0000EFD94 /* LaunchScreen.storyboard in Resources */ = {isa = PBXBuildFile; fileRef = 0A8F86D121AEBDA0000EFD94 /* LaunchScreen.storyboard */; };
		7A325CEA450CA10B275C34BC /* Pods_GooglePlacesAPI.framework in Frameworks */ = {isa = PBXBuildFile; fileRef = 5221C004355C9CC9B6E0447D /* Pods_GooglePlacesAPI.framework */; };
/* End PBXBuildFile section */

/* Begin PBXFileReference section */
		0A8F86C521AEBD9F000EFD94 /* GooglePlacesAPI.app */ = {isa = PBXFileReference; explicitFileType = wrapper.application; includeInIndex = 0; path = GooglePlacesAPI.app; sourceTree = BUILT_PRODUCTS_DIR; };
		0A8F86C821AEBD9F000EFD94 /* AppDelegate.swift */ = {isa = PBXFileReference; lastKnownFileType = sourcecode.swift; path = AppDelegate.swift; sourceTree = "<group>"; };
		0A8F86CA21AEBD9F000EFD94 /* ViewController.swift */ = {isa = PBXFileReference; lastKnownFileType = sourcecode.swift; path = ViewController.swift; sourceTree = "<group>"; };
		0A8F86CD21AEBD9F000EFD94 /* Base */ = {isa = PBXFileReference; lastKnownFileType = file.storyboard; name = Base; path = Base.lproj/Main.storyboard; sourceTree = "<group>"; };
		0A8F86CF21AEBDA0000EFD94 /* Assets.xcassets */ = {isa = PBXFileReference; lastKnownFileType = folder.assetcatalog; path = Assets.xcassets; sourceTree = "<group>"; };
		0A8F86D221AEBDA0000EFD94 /* Base */ = {isa = PBXFileReference; lastKnownFileType = file.storyboard; name = Base; path = Base.lproj/LaunchScreen.storyboard; sourceTree = "<group>"; };
		0A8F86D421AEBDA0000EFD94 /* Info.plist */ = {isa = PBXFileReference; lastKnownFileType = text.plist.xml; path = Info.plist; sourceTree = "<group>"; };
		5221C004355C9CC9B6E0447D /* Pods_GooglePlacesAPI.framework */ = {isa = PBXFileReference; explicitFileType = wrapper.framework; includeInIndex = 0; path = Pods_GooglePlacesAPI.framework; sourceTree = BUILT_PRODUCTS_DIR; };
		867D49DE036018EB373C083B /* Pods-GooglePlacesAPI.release.xcconfig */ = {isa = PBXFileReference; includeInIndex = 1; lastKnownFileType = text.xcconfig; name = "Pods-GooglePlacesAPI.release.xcconfig"; path = "Pods/Target Support Files/Pods-GooglePlacesAPI/Pods-GooglePlacesAPI.release.xcconfig"; sourceTree = "<group>"; };
		E8374CF0CC5A07ED99FC3BAD /* Pods-GooglePlacesAPI.debug.xcconfig */ = {isa = PBXFileReference; includeInIndex = 1; lastKnownFileType = text.xcconfig; name = "Pods-GooglePlacesAPI.debug.xcconfig"; path = "Pods/Target Support Files/Pods-GooglePlacesAPI/Pods-GooglePlacesAPI.debug.xcconfig"; sourceTree = "<group>"; };
/* End PBXFileReference section */

/* Begin PBXFrameworksBuildPhase section */
		0A8F86C221AEBD9F000EFD94 /* Frameworks */ = {
			isa = PBXFrameworksBuildPhase;
			buildActionMask = 2147483647;
			files = (
				7A325CEA450CA10B275C34BC /* Pods_GooglePlacesAPI.framework in Frameworks */,
			);
			runOnlyForDeploymentPostprocessing = 0;
		};
/* End PBXFrameworksBuildPhase section */

/* Begin PBXGroup section */
		09D70B5E121A8C91A8BC8FA8 /* Frameworks */ = {
			isa = PBXGroup;
			children = (
				5221C004355C9CC9B6E0447D /* Pods_GooglePlacesAPI.framework */,
			);
			name = Frameworks;
			sourceTree = "<group>";
		};
		0A8F86BC21AEBD9F000EFD94 = {
			isa = PBXGroup;
			children = (
				0A8F86C721AEBD9F000EFD94 /* GooglePlacesAPI */,
				0A8F86C621AEBD9F000EFD94 /* Products */,
				F1DAF7ED52709CB8F22F7088 /* Pods */,
				09D70B5E121A8C91A8BC8FA8 /* Frameworks */,
			);
			sourceTree = "<group>";
		};
		0A8F86C621AEBD9F000EFD94 /* Products */ = {
			isa = PBXGroup;
			children = (
				0A8F86C521AEBD9F000EFD94 /* GooglePlacesAPI.app */,
			);
			name = Products;
			sourceTree = "<group>";
		};
		0A8F86C721AEBD9F000EFD94 /* GooglePlacesAPI */ = {
			isa = PBXGroup;
			children = (
				0A8F86C821AEBD9F000EFD94 /* AppDelegate.swift */,
				0A8F86CA21AEBD9F000EFD94 /* ViewController.swift */,
				0A8F86CC21AEBD9F000EFD94 /* Main.storyboard */,
				0A8F86CF21AEBDA0000EFD94 /* Assets.xcassets */,
				0A8F86D121AEBDA0000EFD94 /* LaunchScreen.storyboard */,
				0A8F86D421AEBDA0000EFD94 /* Info.plist */,
			);
			path = GooglePlacesAPI;
			sourceTree = "<group>";
		};
		F1DAF7ED52709CB8F22F7088 /* Pods */ = {
			isa = PBXGroup;
			children = (
				E8374CF0CC5A07ED99FC3BAD /* Pods-GooglePlacesAPI.debug.xcconfig */,
				867D49DE036018EB373C083B /* Pods-GooglePlacesAPI.release.xcconfig */,
			);
			name = Pods;
			sourceTree = "<group>";
		};
/* End PBXGroup section */

/* Begin PBXNativeTarget section */
		0A8F86C421AEBD9F000EFD94 /* GooglePlacesAPI */ = {
			isa = PBXNativeTarget;
			buildConfigurationList = 0A8F86D721AEBDA0000EFD94 /* Build configuration list for PBXNativeTarget "GooglePlacesAPI" */;
			buildPhases = (
				9F09382D1DEF928053EC2CB1 /* [CP] Check Pods Manifest.lock */,
				0A8F86C121AEBD9F000EFD94 /* Sources */,
				0A8F86C221AEBD9F000EFD94 /* Frameworks */,
				0A8F86C321AEBD9F000EFD94 /* Resources */,
				F9D6121ACD055A9E561F4E0E /* [CP] Copy Pods Resources */,
			);
			buildRules = (
			);
			dependencies = (
			);
			name = GooglePlacesAPI;
			productName = GooglePlacesAPI;
			productReference = 0A8F86C521AEBD9F000EFD94 /* GooglePlacesAPI.app */;
			productType = "com.apple.product-type.application";
		};
/* End PBXNativeTarget section */

/* Begin PBXProject section */
		0A8F86BD21AEBD9F000EFD94 /* Project object */ = {
			isa = PBXProject;
			attributes = {
				LastSwiftUpdateCheck = 1010;
				LastUpgradeCheck = 1010;
				ORGANIZATIONNAME = YPA;
				TargetAttributes = {
					0A8F86C421AEBD9F000EFD94 = {
						CreatedOnToolsVersion = 10.1;
					};
				};
			};
			buildConfigurationList = 0A8F86C021AEBD9F000EFD94 /* Build configuration list for PBXProject "GooglePlacesAPI" */;
			compatibilityVersion = "Xcode 9.3";
			developmentRegion = en;
			hasScannedForEncodings = 0;
			knownRegions = (
				en,
				Base,
			);
			mainGroup = 0A8F86BC21AEBD9F000EFD94;
			productRefGroup = 0A8F86C621AEBD9F000EFD94 /* Products */;
			projectDirPath = "";
			projectRoot = "";
			targets = (
				0A8F86C421AEBD9F000EFD94 /* GooglePlacesAPI */,
			);
		};
/* End PBXProject section */

/* Begin PBXResourcesBuildPhase section */
		0A8F86C321AEBD9F000EFD94 /* Resources */ = {
			isa = PBXResourcesBuildPhase;
			buildActionMask = 2147483647;
			files = (
				0A8F86D321AEBDA0000EFD94 /* LaunchScreen.storyboard in Resources */,
				0A8F86D021AEBDA0000EFD94 /* Assets.xcassets in Resources */,
				0A8F86CE21AEBD9F000EFD94 /* Main.storyboard in Resources */,
			);
			runOnlyForDeploymentPostprocessing = 0;
		};
/* End PBXResourcesBuildPhase section */

/* Begin PBXShellScriptBuildPhase section */
		9F09382D1DEF928053EC2CB1 /* [CP] Check Pods Manifest.lock */ = {
			isa = PBXShellScriptBuildPhase;
			buildActionMask = 2147483647;
			files = (
			);
			inputFileListPaths = (
			);
			inputPaths = (
				"${PODS_PODFILE_DIR_PATH}/Podfile.lock",
				"${PODS_ROOT}/Manifest.lock",
			);
			name = "[CP] Check Pods Manifest.lock";
			outputFileListPaths = (
			);
			outputPaths = (
				"$(DERIVED_FILE_DIR)/Pods-GooglePlacesAPI-checkManifestLockResult.txt",
			);
			runOnlyForDeploymentPostprocessing = 0;
			shellPath = /bin/sh;
			shellScript = "diff \"${PODS_PODFILE_DIR_PATH}/Podfile.lock\" \"${PODS_ROOT}/Manifest.lock\" > /dev/null\nif [ $? != 0 ] ; then\n    # print error to STDERR\n    echo \"error: The sandbox is not in sync with the Podfile.lock. Run 'pod install' or update your CocoaPods installation.\" >&2\n    exit 1\nfi\n# This output is used by Xcode 'outputs' to avoid re-running this script phase.\necho \"SUCCESS\" > \"${SCRIPT_OUTPUT_FILE_0}\"\n";
			showEnvVarsInLog = 0;
		};
		F9D6121ACD055A9E561F4E0E /* [CP] Copy Pods Resources */ = {
			isa = PBXShellScriptBuildPhase;
			buildActionMask = 2147483647;
			files = (
			);
			inputFileListPaths = (
			);
			inputPaths = (
				"${SRCROOT}/Pods/Target Support Files/Pods-GooglePlacesAPI/Pods-GooglePlacesAPI-resources.sh",
				"${PODS_ROOT}/GoogleMaps/Maps/Frameworks/GoogleMaps.framework/Resources/GoogleMaps.bundle",
				"${PODS_ROOT}/GooglePlacePicker/Frameworks/GooglePlacePicker.framework/Resources/GooglePlacePicker.bundle",
				"${PODS_ROOT}/GooglePlaces/Frameworks/GooglePlaces.framework/Resources/GooglePlaces.bundle",
			);
			name = "[CP] Copy Pods Resources";
			outputFileListPaths = (
			);
			outputPaths = (
				"${TARGET_BUILD_DIR}/${UNLOCALIZED_RESOURCES_FOLDER_PATH}/GoogleMaps.bundle",
				"${TARGET_BUILD_DIR}/${UNLOCALIZED_RESOURCES_FOLDER_PATH}/GooglePlacePicker.bundle",
				"${TARGET_BUILD_DIR}/${UNLOCALIZED_RESOURCES_FOLDER_PATH}/GooglePlaces.bundle",
			);
			runOnlyForDeploymentPostprocessing = 0;
			shellPath = /bin/sh;
			shellScript = "\"${SRCROOT}/Pods/Target Support Files/Pods-GooglePlacesAPI/Pods-GooglePlacesAPI-resources.sh\"\n";
			showEnvVarsInLog = 0;
		};
/* End PBXShellScriptBuildPhase section */

/* Begin PBXSourcesBuildPhase section */
		0A8F86C121AEBD9F000EFD94 /* Sources */ = {
			isa = PBXSourcesBuildPhase;
			buildActionMask = 2147483647;
			files = (
				0A8F86CB21AEBD9F000EFD94 /* ViewController.swift in Sources */,
				0A8F86C921AEBD9F000EFD94 /* AppDelegate.swift in Sources */,
			);
			runOnlyForDeploymentPostprocessing = 0;
		};
/* End PBXSourcesBuildPhase section */

/* Begin PBXVariantGroup section */
		0A8F86CC21AEBD9F000EFD94 /* Main.storyboard */ = {
			isa = PBXVariantGroup;
			children = (
				0A8F86CD21AEBD9F000EFD94 /* Base */,
			);
			name = Main.storyboard;
			sourceTree = "<group>";
		};
		0A8F86D121AEBDA0000EFD94 /* LaunchScreen.storyboard */ = {
			isa = PBXVariantGroup;
			children = (
				0A8F86D221AEBDA0000EFD94 /* Base */,
			);
			name = LaunchScreen.storyboard;
			sourceTree = "<group>";
		};
/* End PBXVariantGroup section */

/* Begin XCBuildConfiguration section */
		0A8F86D521AEBDA0000EFD94 /* Debug */ = {
			isa = XCBuildConfiguration;
			buildSettings = {
				ALWAYS_SEARCH_USER_PATHS = NO;
				CLANG_ANALYZER_NONNULL = YES;
				CLANG_ANALYZER_NUMBER_OBJECT_CONVERSION = YES_AGGRESSIVE;
				CLANG_CXX_LANGUAGE_STANDARD = "gnu++14";
				CLANG_CXX_LIBRARY = "libc++";
				CLANG_ENABLE_MODULES = YES;
				CLANG_ENABLE_OBJC_ARC = YES;
				CLANG_ENABLE_OBJC_WEAK = YES;
				CLANG_WARN_BLOCK_CAPTURE_AUTORELEASING = YES;
				CLANG_WARN_BOOL_CONVERSION = YES;
				CLANG_WARN_COMMA = YES;
				CLANG_WARN_CONSTANT_CONVERSION = YES;
				CLANG_WARN_DEPRECATED_OBJC_IMPLEMENTATIONS = YES;
				CLANG_WARN_DIRECT_OBJC_ISA_USAGE = YES_ERROR;
				CLANG_WARN_DOCUMENTATION_COMMENTS = YES;
				CLANG_WARN_EMPTY_BODY = YES;
				CLANG_WARN_ENUM_CONVERSION = YES;
				CLANG_WARN_INFINITE_RECURSION = YES;
				CLANG_WARN_INT_CONVERSION = YES;
				CLANG_WARN_NON_LITERAL_NULL_CONVERSION = YES;
				CLANG_WARN_OBJC_IMPLICIT_RETAIN_SELF = YES;
				CLANG_WARN_OBJC_LITERAL_CONVERSION = YES;
				CLANG_WARN_OBJC_ROOT_CLASS = YES_ERROR;
				CLANG_WARN_RANGE_LOOP_ANALYSIS = YES;
				CLANG_WARN_STRICT_PROTOTYPES = YES;
				CLANG_WARN_SUSPICIOUS_MOVE = YES;
				CLANG_WARN_UNGUARDED_AVAILABILITY = YES_AGGRESSIVE;
				CLANG_WARN_UNREACHABLE_CODE = YES;
				CLANG_WARN__DUPLICATE_METHOD_MATCH = YES;
				CODE_SIGN_IDENTITY = "iPhone Developer";
				COPY_PHASE_STRIP = NO;
				DEBUG_INFORMATION_FORMAT = dwarf;
				ENABLE_STRICT_OBJC_MSGSEND = YES;
				ENABLE_TESTABILITY = YES;
				GCC_C_LANGUAGE_STANDARD = gnu11;
				GCC_DYNAMIC_NO_PIC = NO;
				GCC_NO_COMMON_BLOCKS = YES;
				GCC_OPTIMIZATION_LEVEL = 0;
				GCC_PREPROCESSOR_DEFINITIONS = (
					"DEBUG=1",
					"$(inherited)",
				);
				GCC_WARN_64_TO_32_BIT_CONVERSION = YES;
				GCC_WARN_ABOUT_RETURN_TYPE = YES_ERROR;
				GCC_WARN_UNDECLARED_SELECTOR = YES;
				GCC_WARN_UNINITIALIZED_AUTOS = YES_AGGRESSIVE;
				GCC_WARN_UNUSED_FUNCTION = YES;
				GCC_WARN_UNUSED_VARIABLE = YES;
				IPHONEOS_DEPLOYMENT_TARGET = 12.1;
				MTL_ENABLE_DEBUG_INFO = INCLUDE_SOURCE;
				MTL_FAST_MATH = YES;
				ONLY_ACTIVE_ARCH = YES;
				SDKROOT = iphoneos;
				SWIFT_ACTIVE_COMPILATION_CONDITIONS = DEBUG;
				SWIFT_OPTIMIZATION_LEVEL = "-Onone";
			};
			name = Debug;
		};
		0A8F86D621AEBDA0000EFD94 /* Release */ = {
			isa = XCBuildConfiguration;
			buildSettings = {
				ALWAYS_SEARCH_USER_PATHS = NO;
				CLANG_ANALYZER_NONNULL = YES;
				CLANG_ANALYZER_NUMBER_OBJECT_CONVERSION = YES_AGGRESSIVE;
				CLANG_CXX_LANGUAGE_STANDARD = "gnu++14";
				CLANG_CXX_LIBRARY = "libc++";
				CLANG_ENABLE_MODULES = YES;
				CLANG_ENABLE_OBJC_ARC = YES;
				CLANG_ENABLE_OBJC_WEAK = YES;
				CLANG_WARN_BLOCK_CAPTURE_AUTORELEASING = YES;
				CLANG_WARN_BOOL_CONVERSION = YES;
				CLANG_WARN_COMMA = YES;
				CLANG_WARN_CONSTANT_CONVERSION = YES;
				CLANG_WARN_DEPRECATED_OBJC_IMPLEMENTATIONS = YES;
				CLANG_WARN_DIRECT_OBJC_ISA_USAGE = YES_ERROR;
				CLANG_WARN_DOCUMENTATION_COMMENTS = YES;
				CLANG_WARN_EMPTY_BODY = YES;
				CLANG_WARN_ENUM_CONVERSION = YES;
				CLANG_WARN_INFINITE_RECURSION = YES;
				CLANG_WARN_INT_CONVERSION = YES;
				CLANG_WARN_NON_LITERAL_NULL_CONVERSION = YES;
				CLANG_WARN_OBJC_IMPLICIT_RETAIN_SELF = YES;
				CLANG_WARN_OBJC_LITERAL_CONVERSION = YES;
				CLANG_WARN_OBJC_ROOT_CLASS = YES_ERROR;
				CLANG_WARN_RANGE_LOOP_ANALYSIS = YES;
				CLANG_WARN_STRICT_PROTOTYPES = YES;
				CLANG_WARN_SUSPICIOUS_MOVE = YES;
				CLANG_WARN_UNGUARDED_AVAILABILITY = YES_AGGRESSIVE;
				CLANG_WARN_UNREACHABLE_CODE = YES;
				CLANG_WARN__DUPLICATE_METHOD_MATCH = YES;
				CODE_SIGN_IDENTITY = "iPhone Developer";
				COPY_PHASE_STRIP = NO;
				DEBUG_INFORMATION_FORMAT = "dwarf-with-dsym";
				ENABLE_NS_ASSERTIONS = NO;
				ENABLE_STRICT_OBJC_MSGSEND = YES;
				GCC_C_LANGUAGE_STANDARD = gnu11;
				GCC_NO_COMMON_BLOCKS = YES;
				GCC_WARN_64_TO_32_BIT_CONVERSION = YES;
				GCC_WARN_ABOUT_RETURN_TYPE = YES_ERROR;
				GCC_WARN_UNDECLARED_SELECTOR = YES;
				GCC_WARN_UNINITIALIZED_AUTOS = YES_AGGRESSIVE;
				GCC_WARN_UNUSED_FUNCTION = YES;
				GCC_WARN_UNUSED_VARIABLE = YES;
				IPHONEOS_DEPLOYMENT_TARGET = 12.1;
				MTL_ENABLE_DEBUG_INFO = NO;
				MTL_FAST_MATH = YES;
				SDKROOT = iphoneos;
				SWIFT_COMPILATION_MODE = wholemodule;
				SWIFT_OPTIMIZATION_LEVEL = "-O";
				VALIDATE_PRODUCT = YES;
			};
			name = Release;
		};
		0A8F86D821AEBDA0000EFD94 /* Debug */ = {
			isa = XCBuildConfiguration;
			baseConfigurationReference = E8374CF0CC5A07ED99FC3BAD /* Pods-GooglePlacesAPI.debug.xcconfig */;
			buildSettings = {
				ASSETCATALOG_COMPILER_APPICON_NAME = AppIcon;
				CODE_SIGN_STYLE = Automatic;
				DEVELOPMENT_TEAM = 526TAB4A9X;
				INFOPLIST_FILE = GooglePlacesAPI/Info.plist;
				LD_RUNPATH_SEARCH_PATHS = (
					"$(inherited)",
					"@executable_path/Frameworks",
				);
				PRODUCT_BUNDLE_IDENTIFIER = YPA.GooglePlacesAPI;
				PRODUCT_NAME = "$(TARGET_NAME)";
				SWIFT_VERSION = 4.2;
				TARGETED_DEVICE_FAMILY = "1,2";
			};
			name = Debug;
		};
		0A8F86D921AEBDA0000EFD94 /* Release */ = {
			isa = XCBuildConfiguration;
			baseConfigurationReference = 867D49DE036018EB373C083B /* Pods-GooglePlacesAPI.release.xcconfig */;
			buildSettings = {
				ASSETCATALOG_COMPILER_APPICON_NAME = AppIcon;
				CODE_SIGN_STYLE = Automatic;
				DEVELOPMENT_TEAM = 526TAB4A9X;
				INFOPLIST_FILE = GooglePlacesAPI/Info.plist;
				LD_RUNPATH_SEARCH_PATHS = (
					"$(inherited)",
					"@executable_path/Frameworks",
				);
				PRODUCT_BUNDLE_IDENTIFIER = YPA.GooglePlacesAPI;
				PRODUCT_NAME = "$(TARGET_NAME)";
				SWIFT_VERSION = 4.2;
				TARGETED_DEVICE_FAMILY = "1,2";
			};
			name = Release;
		};
/* End XCBuildConfiguration section */

/* Begin XCConfigurationList section */
		0A8F86C021AEBD9F000EFD94 /* Build configuration list for PBXProject "GooglePlacesAPI" */ = {
			isa = XCConfigurationList;
			buildConfigurations = (
				0A8F86D521AEBDA0000EFD94 /* Debug */,
				0A8F86D621AEBDA0000EFD94 /* Release */,
			);
			defaultConfigurationIsVisible = 0;
			defaultConfigurationName = Release;
		};
		0A8F86D721AEBDA0000EFD94 /* Build configuration list for PBXNativeTarget "GooglePlacesAPI" */ = {
			isa = XCConfigurationList;
			buildConfigurations = (
				0A8F86D821AEBDA0000EFD94 /* Debug */,
				0A8F86D921AEBDA0000EFD94 /* Release */,
			);
			defaultConfigurationIsVisible = 0;
			defaultConfigurationName = Release;
		};
/* End XCConfigurationList section */
	};
	rootObject = 0A8F86BD21AEBD9F000EFD94 /* Project object */;
}
